// !$*UTF8*$!
{
	archiveVersion = 1;
	classes = {
	};
	objectVersion = 55;
	objects = {

/* Begin PBXBuildFile section */
		6743F9B428AB5C590061D7EE /* Slot_MachineApp.swift in Sources */ = {isa = PBXBuildFile; fileRef = 6743F9B328AB5C590061D7EE /* Slot_MachineApp.swift */; };
		6743F9B628AB5C590061D7EE /* ContentView.swift in Sources */ = {isa = PBXBuildFile; fileRef = 6743F9B528AB5C590061D7EE /* ContentView.swift */; };
		6743F9B828AB5C5C0061D7EE /* Assets.xcassets in Resources */ = {isa = PBXBuildFile; fileRef = 6743F9B728AB5C5C0061D7EE /* Assets.xcassets */; };
		6743F9BB28AB5C5C0061D7EE /* Preview Assets.xcassets in Resources */ = {isa = PBXBuildFile; fileRef = 6743F9BA28AB5C5C0061D7EE /* Preview Assets.xcassets */; };
		6743F9C928AB9A2E0061D7EE /* chimeup.mp3 in Resources */ = {isa = PBXBuildFile; fileRef = 6743F9C128AB9A2E0061D7EE /* chimeup.mp3 */; };
		6743F9CA28AB9A2E0061D7EE /* riseup.mp3 in Resources */ = {isa = PBXBuildFile; fileRef = 6743F9C228AB9A2E0061D7EE /* riseup.mp3 */; };
		6743F9CB28AB9A2E0061D7EE /* high-score.mp3 in Resources */ = {isa = PBXBuildFile; fileRef = 6743F9C328AB9A2E0061D7EE /* high-score.mp3 */; };
		6743F9CC28AB9A2E0061D7EE /* casino-chips.mp3 in Resources */ = {isa = PBXBuildFile; fileRef = 6743F9C428AB9A2E0061D7EE /* casino-chips.mp3 */; };
		6743F9CD28AB9A2E0061D7EE /* background-music.mp3 in Resources */ = {isa = PBXBuildFile; fileRef = 6743F9C528AB9A2E0061D7EE /* background-music.mp3 */; };
		6743F9CE28AB9A2E0061D7EE /* game-over.mp3 in Resources */ = {isa = PBXBuildFile; fileRef = 6743F9C628AB9A2E0061D7EE /* game-over.mp3 */; };
		6743F9CF28AB9A2E0061D7EE /* spin.mp3 in Resources */ = {isa = PBXBuildFile; fileRef = 6743F9C728AB9A2E0061D7EE /* spin.mp3 */; };
		6743F9D028AB9A2E0061D7EE /* win.mp3 in Resources */ = {isa = PBXBuildFile; fileRef = 6743F9C828AB9A2E0061D7EE /* win.mp3 */; };
		6743F9D728ABA5FE0061D7EE /* LaunchScreen.storyboard in Resources */ = {isa = PBXBuildFile; fileRef = 6743F9D628ABA5FE0061D7EE /* LaunchScreen.storyboard */; };
		6743F9D928ABB2640061D7EE /* HeaderView.swift in Sources */ = {isa = PBXBuildFile; fileRef = 6743F9D828ABB2640061D7EE /* HeaderView.swift */; };
		6743F9DB28ABB75E0061D7EE /* ScoreView.swift in Sources */ = {isa = PBXBuildFile; fileRef = 6743F9DA28ABB75E0061D7EE /* ScoreView.swift */; };
		6743F9DD28ABBB410061D7EE /* SlotMachineView.swift in Sources */ = {isa = PBXBuildFile; fileRef = 6743F9DC28ABBB410061D7EE /* SlotMachineView.swift */; };
		6743F9DF28ABBBD30061D7EE /* ReelView.swift in Sources */ = {isa = PBXBuildFile; fileRef = 6743F9DE28ABBBD30061D7EE /* ReelView.swift */; };
		67E0246228ACE9BF00860AD5 /* BetView.swift in Sources */ = {isa = PBXBuildFile; fileRef = 67E0246128ACE9BF00860AD5 /* BetView.swift */; };
		67E0246528ACF08D00860AD5 /* InfoView.swift in Sources */ = {isa = PBXBuildFile; fileRef = 67E0246428ACF08D00860AD5 /* InfoView.swift */; };
		67E0247028ACFC0F00860AD5 /* MenuView.swift in Sources */ = {isa = PBXBuildFile; fileRef = 67E0246F28ACFC0F00860AD5 /* MenuView.swift */; };
		67E0247328AD03A700860AD5 /* RiveRuntime in Frameworks */ = {isa = PBXBuildFile; productRef = 67E0247228AD03A700860AD5 /* RiveRuntime */; };
/* End PBXBuildFile section */

/* Begin PBXFileReference section */
		6743F9B028AB5C590061D7EE /* Slot Machine.app */ = {isa = PBXFileReference; explicitFileType = wrapper.application; includeInIndex = 0; path = "Slot Machine.app"; sourceTree = BUILT_PRODUCTS_DIR; };
		6743F9B328AB5C590061D7EE /* Slot_MachineApp.swift */ = {isa = PBXFileReference; lastKnownFileType = sourcecode.swift; path = Slot_MachineApp.swift; sourceTree = "<group>"; };
		6743F9B528AB5C590061D7EE /* ContentView.swift */ = {isa = PBXFileReference; lastKnownFileType = sourcecode.swift; path = ContentView.swift; sourceTree = "<group>"; };
		6743F9B728AB5C5C0061D7EE /* Assets.xcassets */ = {isa = PBXFileReference; lastKnownFileType = folder.assetcatalog; path = Assets.xcassets; sourceTree = "<group>"; };
		6743F9BA28AB5C5C0061D7EE /* Preview Assets.xcassets */ = {isa = PBXFileReference; lastKnownFileType = folder.assetcatalog; path = "Preview Assets.xcassets"; sourceTree = "<group>"; };
		6743F9C128AB9A2E0061D7EE /* chimeup.mp3 */ = {isa = PBXFileReference; lastKnownFileType = audio.mp3; path = chimeup.mp3; sourceTree = "<group>"; };
		6743F9C228AB9A2E0061D7EE /* riseup.mp3 */ = {isa = PBXFileReference; lastKnownFileType = audio.mp3; path = riseup.mp3; sourceTree = "<group>"; };
		6743F9C328AB9A2E0061D7EE /* high-score.mp3 */ = {isa = PBXFileReference; lastKnownFileType = audio.mp3; path = "high-score.mp3"; sourceTree = "<group>"; };
		6743F9C428AB9A2E0061D7EE /* casino-chips.mp3 */ = {isa = PBXFileReference; lastKnownFileType = audio.mp3; path = "casino-chips.mp3"; sourceTree = "<group>"; };
		6743F9C528AB9A2E0061D7EE /* background-music.mp3 */ = {isa = PBXFileReference; lastKnownFileType = audio.mp3; path = "background-music.mp3"; sourceTree = "<group>"; };
		6743F9C628AB9A2E0061D7EE /* game-over.mp3 */ = {isa = PBXFileReference; lastKnownFileType = audio.mp3; path = "game-over.mp3"; sourceTree = "<group>"; };
		6743F9C728AB9A2E0061D7EE /* spin.mp3 */ = {isa = PBXFileReference; lastKnownFileType = audio.mp3; path = spin.mp3; sourceTree = "<group>"; };
		6743F9C828AB9A2E0061D7EE /* win.mp3 */ = {isa = PBXFileReference; lastKnownFileType = audio.mp3; path = win.mp3; sourceTree = "<group>"; };
		6743F9D628ABA5FE0061D7EE /* LaunchScreen.storyboard */ = {isa = PBXFileReference; fileEncoding = 4; lastKnownFileType = file.storyboard; path = LaunchScreen.storyboard; sourceTree = "<group>"; };
		6743F9D828ABB2640061D7EE /* HeaderView.swift */ = {isa = PBXFileReference; lastKnownFileType = sourcecode.swift; path = HeaderView.swift; sourceTree = "<group>"; };
		6743F9DA28ABB75E0061D7EE /* ScoreView.swift */ = {isa = PBXFileReference; lastKnownFileType = sourcecode.swift; path = ScoreView.swift; sourceTree = "<group>"; };
		6743F9DC28ABBB410061D7EE /* SlotMachineView.swift */ = {isa = PBXFileReference; lastKnownFileType = sourcecode.swift; path = SlotMachineView.swift; sourceTree = "<group>"; };
		6743F9DE28ABBBD30061D7EE /* ReelView.swift */ = {isa = PBXFileReference; lastKnownFileType = sourcecode.swift; path = ReelView.swift; sourceTree = "<group>"; };
		67E0246128ACE9BF00860AD5 /* BetView.swift */ = {isa = PBXFileReference; lastKnownFileType = sourcecode.swift; path = BetView.swift; sourceTree = "<group>"; };
		67E0246428ACF08D00860AD5 /* InfoView.swift */ = {isa = PBXFileReference; lastKnownFileType = sourcecode.swift; path = InfoView.swift; sourceTree = "<group>"; };
		67E0246F28ACFC0F00860AD5 /* MenuView.swift */ = {isa = PBXFileReference; lastKnownFileType = sourcecode.swift; path = MenuView.swift; sourceTree = "<group>"; };
/* End PBXFileReference section */

/* Begin PBXFrameworksBuildPhase section */
		6743F9AD28AB5C590061D7EE /* Frameworks */ = {
			isa = PBXFrameworksBuildPhase;
			buildActionMask = 2147483647;
			files = (
				67E0247328AD03A700860AD5 /* RiveRuntime in Frameworks */,
			);
			runOnlyForDeploymentPostprocessing = 0;
		};
/* End PBXFrameworksBuildPhase section */

/* Begin PBXGroup section */
		6743F9A728AB5C590061D7EE = {
			isa = PBXGroup;
			children = (
				6743F9B228AB5C590061D7EE /* Slot Machine */,
				6743F9B128AB5C590061D7EE /* Products */,
			);
			sourceTree = "<group>";
		};
		6743F9B128AB5C590061D7EE /* Products */ = {
			isa = PBXGroup;
			children = (
				6743F9B028AB5C590061D7EE /* Slot Machine.app */,
			);
			name = Products;
			sourceTree = "<group>";
		};
		6743F9B228AB5C590061D7EE /* Slot Machine */ = {
			isa = PBXGroup;
			children = (
				6743F9B328AB5C590061D7EE /* Slot_MachineApp.swift */,
				6743F9D228AB9ABB0061D7EE /* Views */,
				6743F9D128AB9A870061D7EE /* Sound */,
				6743F9D628ABA5FE0061D7EE /* LaunchScreen.storyboard */,
				6743F9B728AB5C5C0061D7EE /* Assets.xcassets */,
				6743F9B928AB5C5C0061D7EE /* Preview Content */,
			);
			path = "Slot Machine";
			sourceTree = "<group>";
		};
		6743F9B928AB5C5C0061D7EE /* Preview Content */ = {
			isa = PBXGroup;
			children = (
				6743F9BA28AB5C5C0061D7EE /* Preview Assets.xcassets */,
			);
			path = "Preview Content";
			sourceTree = "<group>";
		};
		6743F9D128AB9A870061D7EE /* Sound */ = {
			isa = PBXGroup;
			children = (
				6743F9C528AB9A2E0061D7EE /* background-music.mp3 */,
				6743F9C428AB9A2E0061D7EE /* casino-chips.mp3 */,
				6743F9C128AB9A2E0061D7EE /* chimeup.mp3 */,
				6743F9C628AB9A2E0061D7EE /* game-over.mp3 */,
				6743F9C328AB9A2E0061D7EE /* high-score.mp3 */,
				6743F9C228AB9A2E0061D7EE /* riseup.mp3 */,
				6743F9C728AB9A2E0061D7EE /* spin.mp3 */,
				6743F9C828AB9A2E0061D7EE /* win.mp3 */,
			);
			path = Sound;
			sourceTree = "<group>";
		};
		6743F9D228AB9ABB0061D7EE /* Views */ = {
			isa = PBXGroup;
			children = (
				67E0246428ACF08D00860AD5 /* InfoView.swift */,
				67E0246E28ACFB5000860AD5 /* MenuView */,
				67E0246328ACECA100860AD5 /* GameView */,
			);
			path = Views;
			sourceTree = "<group>";
		};
		67E0246328ACECA100860AD5 /* GameView */ = {
			isa = PBXGroup;
			children = (
				6743F9B528AB5C590061D7EE /* ContentView.swift */,
				6743F9D828ABB2640061D7EE /* HeaderView.swift */,
				6743F9DA28ABB75E0061D7EE /* ScoreView.swift */,
				6743F9DC28ABBB410061D7EE /* SlotMachineView.swift */,
				6743F9DE28ABBBD30061D7EE /* ReelView.swift */,
				67E0246128ACE9BF00860AD5 /* BetView.swift */,
			);
			path = GameView;
			sourceTree = "<group>";
		};
		67E0246E28ACFB5000860AD5 /* MenuView */ = {
			isa = PBXGroup;
			children = (
				67E0246F28ACFC0F00860AD5 /* MenuView.swift */,
			);
			path = MenuView;
			sourceTree = "<group>";
		};
/* End PBXGroup section */

/* Begin PBXNativeTarget section */
		6743F9AF28AB5C590061D7EE /* Slot Machine */ = {
			isa = PBXNativeTarget;
			buildConfigurationList = 6743F9BE28AB5C5C0061D7EE /* Build configuration list for PBXNativeTarget "Slot Machine" */;
			buildPhases = (
				6743F9AC28AB5C590061D7EE /* Sources */,
				6743F9AD28AB5C590061D7EE /* Frameworks */,
				6743F9AE28AB5C590061D7EE /* Resources */,
			);
			buildRules = (
			);
			dependencies = (
			);
			name = "Slot Machine";
			packageProductDependencies = (
				67E0247228AD03A700860AD5 /* RiveRuntime */,
			);
			productName = "Slot Machine";
			productReference = 6743F9B028AB5C590061D7EE /* Slot Machine.app */;
			productType = "com.apple.product-type.application";
		};
/* End PBXNativeTarget section */

/* Begin PBXProject section */
		6743F9A828AB5C590061D7EE /* Project object */ = {
			isa = PBXProject;
			attributes = {
				BuildIndependentTargetsInParallel = 1;
				LastSwiftUpdateCheck = 1340;
				LastUpgradeCheck = 1340;
				TargetAttributes = {
					6743F9AF28AB5C590061D7EE = {
						CreatedOnToolsVersion = 13.4.1;
					};
				};
			};
			buildConfigurationList = 6743F9AB28AB5C590061D7EE /* Build configuration list for PBXProject "Slot Machine" */;
			compatibilityVersion = "Xcode 13.0";
			developmentRegion = en;
			hasScannedForEncodings = 0;
			knownRegions = (
				en,
				Base,
			);
			mainGroup = 6743F9A728AB5C590061D7EE;
			packageReferences = (
				67E0247128AD03A700860AD5 /* XCRemoteSwiftPackageReference "rive-ios" */,
			);
			productRefGroup = 6743F9B128AB5C590061D7EE /* Products */;
			projectDirPath = "";
			projectRoot = "";
			targets = (
				6743F9AF28AB5C590061D7EE /* Slot Machine */,
			);
		};
/* End PBXProject section */

/* Begin PBXResourcesBuildPhase section */
		6743F9AE28AB5C590061D7EE /* Resources */ = {
			isa = PBXResourcesBuildPhase;
			buildActionMask = 2147483647;
			files = (
				6743F9CB28AB9A2E0061D7EE /* high-score.mp3 in Resources */,
				6743F9CA28AB9A2E0061D7EE /* riseup.mp3 in Resources */,
				6743F9CF28AB9A2E0061D7EE /* spin.mp3 in Resources */,
				6743F9C928AB9A2E0061D7EE /* chimeup.mp3 in Resources */,
				6743F9BB28AB5C5C0061D7EE /* Preview Assets.xcassets in Resources */,
				6743F9D028AB9A2E0061D7EE /* win.mp3 in Resources */,
				6743F9B828AB5C5C0061D7EE /* Assets.xcassets in Resources */,
				6743F9CD28AB9A2E0061D7EE /* background-music.mp3 in Resources */,
				6743F9CE28AB9A2E0061D7EE /* game-over.mp3 in Resources */,
				6743F9D728ABA5FE0061D7EE /* LaunchScreen.storyboard in Resources */,
				6743F9CC28AB9A2E0061D7EE /* casino-chips.mp3 in Resources */,
			);
			runOnlyForDeploymentPostprocessing = 0;
		};
/* End PBXResourcesBuildPhase section */

/* Begin PBXSourcesBuildPhase section */
		6743F9AC28AB5C590061D7EE /* Sources */ = {
			isa = PBXSourcesBuildPhase;
			buildActionMask = 2147483647;
			files = (
				67E0246528ACF08D00860AD5 /* InfoView.swift in Sources */,
				6743F9DF28ABBBD30061D7EE /* ReelView.swift in Sources */,
				6743F9DD28ABBB410061D7EE /* SlotMachineView.swift in Sources */,
				6743F9B628AB5C590061D7EE /* ContentView.swift in Sources */,
				67E0247028ACFC0F00860AD5 /* MenuView.swift in Sources */,
				6743F9DB28ABB75E0061D7EE /* ScoreView.swift in Sources */,
				6743F9D928ABB2640061D7EE /* HeaderView.swift in Sources */,
				6743F9B428AB5C590061D7EE /* Slot_MachineApp.swift in Sources */,
				67E0246228ACE9BF00860AD5 /* BetView.swift in Sources */,
			);
			runOnlyForDeploymentPostprocessing = 0;
		};
/* End PBXSourcesBuildPhase section */

/* Begin XCBuildConfiguration section */
		6743F9BC28AB5C5C0061D7EE /* Debug */ = {
			isa = XCBuildConfiguration;
			buildSettings = {
				ALWAYS_SEARCH_USER_PATHS = NO;
				CLANG_ANALYZER_NONNULL = YES;
				CLANG_ANALYZER_NUMBER_OBJECT_CONVERSION = YES_AGGRESSIVE;
				CLANG_CXX_LANGUAGE_STANDARD = "gnu++17";
				CLANG_ENABLE_MODULES = YES;
				CLANG_ENABLE_OBJC_ARC = YES;
				CLANG_ENABLE_OBJC_WEAK = YES;
				CLANG_WARN_BLOCK_CAPTURE_AUTORELEASING = YES;
				CLANG_WARN_BOOL_CONVERSION = YES;
				CLANG_WARN_COMMA = YES;
				CLANG_WARN_CONSTANT_CONVERSION = YES;
				CLANG_WARN_DEPRECATED_OBJC_IMPLEMENTATIONS = YES;
				CLANG_WARN_DIRECT_OBJC_ISA_USAGE = YES_ERROR;
				CLANG_WARN_DOCUMENTATION_COMMENTS = YES;
				CLANG_WARN_EMPTY_BODY = YES;
				CLANG_WARN_ENUM_CONVERSION = YES;
				CLANG_WARN_INFINITE_RECURSION = YES;
				CLANG_WARN_INT_CONVERSION = YES;
				CLANG_WARN_NON_LITERAL_NULL_CONVERSION = YES;
				CLANG_WARN_OBJC_IMPLICIT_RETAIN_SELF = YES;
				CLANG_WARN_OBJC_LITERAL_CONVERSION = YES;
				CLANG_WARN_OBJC_ROOT_CLASS = YES_ERROR;
				CLANG_WARN_QUOTED_INCLUDE_IN_FRAMEWORK_HEADER = YES;
				CLANG_WARN_RANGE_LOOP_ANALYSIS = YES;
				CLANG_WARN_STRICT_PROTOTYPES = YES;
				CLANG_WARN_SUSPICIOUS_MOVE = YES;
				CLANG_WARN_UNGUARDED_AVAILABILITY = YES_AGGRESSIVE;
				CLANG_WARN_UNREACHABLE_CODE = YES;
				CLANG_WARN__DUPLICATE_METHOD_MATCH = YES;
				COPY_PHASE_STRIP = NO;
				DEBUG_INFORMATION_FORMAT = dwarf;
				ENABLE_STRICT_OBJC_MSGSEND = YES;
				ENABLE_TESTABILITY = YES;
				GCC_C_LANGUAGE_STANDARD = gnu11;
				GCC_DYNAMIC_NO_PIC = NO;
				GCC_NO_COMMON_BLOCKS = YES;
				GCC_OPTIMIZATION_LEVEL = 0;
				GCC_PREPROCESSOR_DEFINITIONS = (
					"DEBUG=1",
					"$(inherited)",
				);
				GCC_WARN_64_TO_32_BIT_CONVERSION = YES;
				GCC_WARN_ABOUT_RETURN_TYPE = YES_ERROR;
				GCC_WARN_UNDECLARED_SELECTOR = YES;
				GCC_WARN_UNINITIALIZED_AUTOS = YES_AGGRESSIVE;
				GCC_WARN_UNUSED_FUNCTION = YES;
				GCC_WARN_UNUSED_VARIABLE = YES;
				IPHONEOS_DEPLOYMENT_TARGET = 15.5;
				MTL_ENABLE_DEBUG_INFO = INCLUDE_SOURCE;
				MTL_FAST_MATH = YES;
				ONLY_ACTIVE_ARCH = YES;
				SDKROOT = iphoneos;
				SWIFT_ACTIVE_COMPILATION_CONDITIONS = DEBUG;
				SWIFT_OPTIMIZATION_LEVEL = "-Onone";
			};
			name = Debug;
		};
		6743F9BD28AB5C5C0061D7EE /* Release */ = {
			isa = XCBuildConfiguration;
			buildSettings = {
				ALWAYS_SEARCH_USER_PATHS = NO;
				CLANG_ANALYZER_NONNULL = YES;
				CLANG_ANALYZER_NUMBER_OBJECT_CONVERSION = YES_AGGRESSIVE;
				CLANG_CXX_LANGUAGE_STANDARD = "gnu++17";
				CLANG_ENABLE_MODULES = YES;
				CLANG_ENABLE_OBJC_ARC = YES;
				CLANG_ENABLE_OBJC_WEAK = YES;
				CLANG_WARN_BLOCK_CAPTURE_AUTORELEASING = YES;
				CLANG_WARN_BOOL_CONVERSION = YES;
				CLANG_WARN_COMMA = YES;
				CLANG_WARN_CONSTANT_CONVERSION = YES;
				CLANG_WARN_DEPRECATED_OBJC_IMPLEMENTATIONS = YES;
				CLANG_WARN_DIRECT_OBJC_ISA_USAGE = YES_ERROR;
				CLANG_WARN_DOCUMENTATION_COMMENTS = YES;
				CLANG_WARN_EMPTY_BODY = YES;
				CLANG_WARN_ENUM_CONVERSION = YES;
				CLANG_WARN_INFINITE_RECURSION = YES;
				CLANG_WARN_INT_CONVERSION = YES;
				CLANG_WARN_NON_LITERAL_NULL_CONVERSION = YES;
				CLANG_WARN_OBJC_IMPLICIT_RETAIN_SELF = YES;
				CLANG_WARN_OBJC_LITERAL_CONVERSION = YES;
				CLANG_WARN_OBJC_ROOT_CLASS = YES_ERROR;
				CLANG_WARN_QUOTED_INCLUDE_IN_FRAMEWORK_HEADER = YES;
				CLANG_WARN_RANGE_LOOP_ANALYSIS = YES;
				CLANG_WARN_STRICT_PROTOTYPES = YES;
				CLANG_WARN_SUSPICIOUS_MOVE = YES;
				CLANG_WARN_UNGUARDED_AVAILABILITY = YES_AGGRESSIVE;
				CLANG_WARN_UNREACHABLE_CODE = YES;
				CLANG_WARN__DUPLICATE_METHOD_MATCH = YES;
				COPY_PHASE_STRIP = NO;
				DEBUG_INFORMATION_FORMAT = "dwarf-with-dsym";
				ENABLE_NS_ASSERTIONS = NO;
				ENABLE_STRICT_OBJC_MSGSEND = YES;
				GCC_C_LANGUAGE_STANDARD = gnu11;
				GCC_NO_COMMON_BLOCKS = YES;
				GCC_WARN_64_TO_32_BIT_CONVERSION = YES;
				GCC_WARN_ABOUT_RETURN_TYPE = YES_ERROR;
				GCC_WARN_UNDECLARED_SELECTOR = YES;
				GCC_WARN_UNINITIALIZED_AUTOS = YES_AGGRESSIVE;
				GCC_WARN_UNUSED_FUNCTION = YES;
				GCC_WARN_UNUSED_VARIABLE = YES;
				IPHONEOS_DEPLOYMENT_TARGET = 15.5;
				MTL_ENABLE_DEBUG_INFO = NO;
				MTL_FAST_MATH = YES;
				SDKROOT = iphoneos;
				SWIFT_COMPILATION_MODE = wholemodule;
				SWIFT_OPTIMIZATION_LEVEL = "-O";
				VALIDATE_PRODUCT = YES;
			};
			name = Release;
		};
		6743F9BF28AB5C5C0061D7EE /* Debug */ = {
			isa = XCBuildConfiguration;
			buildSettings = {
				ASSETCATALOG_COMPILER_APPICON_NAME = AppIcon;
				ASSETCATALOG_COMPILER_GLOBAL_ACCENT_COLOR_NAME = AccentColor;
				CODE_SIGN_STYLE = Automatic;
				CURRENT_PROJECT_VERSION = 1;
				DEVELOPMENT_ASSET_PATHS = "\"Slot Machine/Preview Content\"";
				DEVELOPMENT_TEAM = V6Q9YDCPQM;
				ENABLE_PREVIEWS = YES;
				GENERATE_INFOPLIST_FILE = YES;
				INFOPLIST_KEY_UIApplicationSceneManifest_Generation = YES;
				INFOPLIST_KEY_UIApplicationSupportsIndirectInputEvents = YES;
				INFOPLIST_KEY_UILaunchScreen_Generation = YES;
				INFOPLIST_KEY_UISupportedInterfaceOrientations_iPad = "UIInterfaceOrientationPortrait UIInterfaceOrientationPortraitUpsideDown UIInterfaceOrientationLandscapeLeft UIInterfaceOrientationLandscapeRight";
				INFOPLIST_KEY_UISupportedInterfaceOrientations_iPhone = "UIInterfaceOrientationPortrait UIInterfaceOrientationLandscapeLeft UIInterfaceOrientationLandscapeRight";
				LD_RUNPATH_SEARCH_PATHS = (
					"$(inherited)",
					"@executable_path/Frameworks",
				);
				MARKETING_VERSION = 1.0;
				PRODUCT_BUNDLE_IDENTIFIER = "vn.edu.rmit.s3777196.Slot-Machine";
				PRODUCT_NAME = "$(TARGET_NAME)";
				SWIFT_EMIT_LOC_STRINGS = YES;
				SWIFT_VERSION = 5.0;
				TARGETED_DEVICE_FAMILY = "1,2";
			};
			name = Debug;
		};
		6743F9C028AB5C5C0061D7EE /* Release */ = {
			isa = XCBuildConfiguration;
			buildSettings = {
				ASSETCATALOG_COMPILER_APPICON_NAME = AppIcon;
				ASSETCATALOG_COMPILER_GLOBAL_ACCENT_COLOR_NAME = AccentColor;
				CODE_SIGN_STYLE = Automatic;
				CURRENT_PROJECT_VERSION = 1;
				DEVELOPMENT_ASSET_PATHS = "\"Slot Machine/Preview Content\"";
				DEVELOPMENT_TEAM = V6Q9YDCPQM;
				ENABLE_PREVIEWS = YES;
				GENERATE_INFOPLIST_FILE = YES;
				INFOPLIST_KEY_UIApplicationSceneManifest_Generation = YES;
				INFOPLIST_KEY_UIApplicationSupportsIndirectInputEvents = YES;
				INFOPLIST_KEY_UILaunchScreen_Generation = YES;
				INFOPLIST_KEY_UISupportedInterfaceOrientations_iPad = "UIInterfaceOrientationPortrait UIInterfaceOrientationPortraitUpsideDown UIInterfaceOrientationLandscapeLeft UIInterfaceOrientationLandscapeRight";
				INFOPLIST_KEY_UISupportedInterfaceOrientations_iPhone = "UIInterfaceOrientationPortrait UIInterfaceOrientationLandscapeLeft UIInterfaceOrientationLandscapeRight";
				LD_RUNPATH_SEARCH_PATHS = (
					"$(inherited)",
					"@executable_path/Frameworks",
				);
				MARKETING_VERSION = 1.0;
				PRODUCT_BUNDLE_IDENTIFIER = "vn.edu.rmit.s3777196.Slot-Machine";
				PRODUCT_NAME = "$(TARGET_NAME)";
				SWIFT_EMIT_LOC_STRINGS = YES;
				SWIFT_VERSION = 5.0;
				TARGETED_DEVICE_FAMILY = "1,2";
			};
			name = Release;
		};
/* End XCBuildConfiguration section */

/* Begin XCConfigurationList section */
		6743F9AB28AB5C590061D7EE /* Build configuration list for PBXProject "Slot Machine" */ = {
			isa = XCConfigurationList;
			buildConfigurations = (
				6743F9BC28AB5C5C0061D7EE /* Debug */,
				6743F9BD28AB5C5C0061D7EE /* Release */,
			);
			defaultConfigurationIsVisible = 0;
			defaultConfigurationName = Release;
		};
		6743F9BE28AB5C5C0061D7EE /* Build configuration list for PBXNativeTarget "Slot Machine" */ = {
			isa = XCConfigurationList;
			buildConfigurations = (
				6743F9BF28AB5C5C0061D7EE /* Debug */,
				6743F9C028AB5C5C0061D7EE /* Release */,
			);
			defaultConfigurationIsVisible = 0;
			defaultConfigurationName = Release;
		};
/* End XCConfigurationList section */

/* Begin XCRemoteSwiftPackageReference section */
		67E0247128AD03A700860AD5 /* XCRemoteSwiftPackageReference "rive-ios" */ = {
			isa = XCRemoteSwiftPackageReference;
			repositoryURL = "https://github.com/rive-app/rive-ios.git";
			requirement = {
				branch = main;
				kind = branch;
			};
		};
/* End XCRemoteSwiftPackageReference section */

/* Begin XCSwiftPackageProductDependency section */
		67E0247228AD03A700860AD5 /* RiveRuntime */ = {
			isa = XCSwiftPackageProductDependency;
			package = 67E0247128AD03A700860AD5 /* XCRemoteSwiftPackageReference "rive-ios" */;
			productName = RiveRuntime;
		};
/* End XCSwiftPackageProductDependency section */
	};
	rootObject = 6743F9A828AB5C590061D7EE /* Project object */;
}
